
Microsoft Visual Studio Solution File, Format Version 12.00
# Visual Studio Version 16
VisualStudioVersion = 16.0.29806.167
MinimumVisualStudioVersion = 10.0.40219.1
Project("{FAE04EC0-301F-11D3-BF4B-00C04F79EFBC}") = "CS.NET_Lab22_StarWarsAPI", "CS.NET_Lab22_StarWarsAPI\CS.NET_Lab22_StarWarsAPI.csproj", "{2B6B6368-75E2-4F0C-96EF-DC14634746AA}"
EndProject
Global
	GlobalSection(SolutionConfigurationPlatforms) = preSolution
		Debug|Any CPU = Debug|Any CPU
		Release|Any CPU = Release|Any CPU
	EndGlobalSection
	GlobalSection(ProjectConfigurationPlatforms) = postSolution
		{2B6B6368-75E2-4F0C-96EF-DC14634746AA}.Debug|Any CPU.ActiveCfg = Debug|Any CPU
		{2B6B6368-75E2-4F0C-96EF-DC14634746AA}.Debug|Any CPU.Build.0 = Debug|Any CPU
		{2B6B6368-75E2-4F0C-96EF-DC14634746AA}.Release|Any CPU.ActiveCfg = Release|Any CPU
		{2B6B6368-75E2-4F0C-96EF-DC14634746AA}.Release|Any CPU.Build.0 = Release|Any CPU
	EndGlobalSection
	GlobalSection(SolutionProperties) = preSolution
		HideSolutionNode = FALSE
	EndGlobalSection
	GlobalSection(ExtensibilityGlobals) = postSolution
		SolutionGuid = {D2F06D15-3C7F-416F-A20D-0AEE516B8308}
	EndGlobalSection
EndGlobal
